
Microsoft Visual Studio Solution File, Format Version 12.00
# Visual Studio 15
Project("{FAE04EC0-301F-11D3-BF4B-00C04F79EFBC}") = "C_Labb2", "C_Labb2\C_Labb2.csproj", "{98E82D2A-ECFF-43F8-AAD0-E20C082A5A37}"
EndProject
Global
	GlobalSection(SolutionConfigurationPlatforms) = preSolution
		Debug|anycpu = Debug|anycpu
		Release|anycpu = Release|anycpu
	EndGlobalSection
	GlobalSection(ProjectConfigurationPlatforms) = postSolution
		{98E82D2A-ECFF-43F8-AAD0-E20C082A5A37}.Debug|anycpu.ActiveCfg = Debug|anycpu
		{98E82D2A-ECFF-43F8-AAD0-E20C082A5A37}.Debug|anycpu.Build.0 = Debug|anycpu
		{98E82D2A-ECFF-43F8-AAD0-E20C082A5A37}.Release|anycpu.ActiveCfg = Release|anycpu
		{98E82D2A-ECFF-43F8-AAD0-E20C082A5A37}.Release|anycpu.Build.0 = Release|anycpu
	EndGlobalSection
EndGlobal
